{
  "name": "ha-schematic-card",
  "version": "0.0.0",
  "lockfileVersion": 3,
  "requires": true,
  "packages": {
    "": {
      "name": "ha-schematic-card",
      "version": "0.0.0",
      "workspaces": [
        "apps/*",
        "packages/*"
      ]
    },
    "apps/editor": {
      "name": "@ha-schematic-card/editor",
      "version": "0.0.0"
    },
    "node_modules/@ha-schematic-card/card": {
      "resolved": "packages/card",
      "link": true
    },
    "node_modules/@ha-schematic-card/codec": {
      "resolved": "packages/codec",
      "link": true
    },
    "node_modules/@ha-schematic-card/editor": {
      "resolved": "apps/editor",
      "link": true
    },
    "node_modules/@ha-schematic-card/renderer": {
      "resolved": "packages/renderer",
      "link": true
    },
    "node_modules/@ha-schematic-card/schema": {
      "resolved": "packages/schema",
      "link": true
    },
    "node_modules/@ha-schematic-card/symbols": {
      "resolved": "packages/symbols",
      "link": true
    },
    "packages/card": {
      "name": "@ha-schematic-card/card",
      "version": "0.0.0"
    },
    "packages/codec": {
      "name": "@ha-schematic-card/codec",
      "version": "0.0.0"
    },
    "packages/renderer": {
      "name": "@ha-schematic-card/renderer",
      "version": "0.0.0"
    },
    "packages/schema": {
      "name": "@ha-schematic-card/schema",
      "version": "0.0.0"
    },
    "packages/symbols": {
      "name": "@ha-schematic-card/symbols",
      "version": "0.0.0"
    }
  }
}
